
Microsoft Visual Studio Solution File, Format Version 12.00
# Visual Studio Version 16
VisualStudioVersion = 16.0.30406.217
MinimumVisualStudioVersion = 10.0.40219.1
Project("{9A19103F-16F7-4668-BE54-9A1E7A4F7556}") = "BlazorApp1", "BlazorApp1\BlazorApp1.csproj", "{38536886-430A-4ED5-946D-B89B24D2649B}"
EndProject
Project("{9A19103F-16F7-4668-BE54-9A1E7A4F7556}") = "TareasAPI", "TareasAPI\TareasAPI.csproj", "{61F6D178-62A9-4620-B1E7-116AD8BB1E33}"
EndProject
Project("{FAE04EC0-301F-11D3-BF4B-00C04F79EFBC}") = "Model", "Model\Model.csproj", "{1663C7F7-D410-4217-8D85-D8D36D263750}"
EndProject
Global
	GlobalSection(SolutionConfigurationPlatforms) = preSolution
		Debug|Any CPU = Debug|Any CPU
		Release|Any CPU = Release|Any CPU
	EndGlobalSection
	GlobalSection(ProjectConfigurationPlatforms) = postSolution
		{38536886-430A-4ED5-946D-B89B24D2649B}.Debug|Any CPU.ActiveCfg = Debug|Any CPU
		{38536886-430A-4ED5-946D-B89B24D2649B}.Debug|Any CPU.Build.0 = Debug|Any CPU
		{38536886-430A-4ED5-946D-B89B24D2649B}.Release|Any CPU.ActiveCfg = Release|Any CPU
		{38536886-430A-4ED5-946D-B89B24D2649B}.Release|Any CPU.Build.0 = Release|Any CPU
		{61F6D178-62A9-4620-B1E7-116AD8BB1E33}.Debug|Any CPU.ActiveCfg = Debug|Any CPU
		{61F6D178-62A9-4620-B1E7-116AD8BB1E33}.Debug|Any CPU.Build.0 = Debug|Any CPU
		{61F6D178-62A9-4620-B1E7-116AD8BB1E33}.Release|Any CPU.ActiveCfg = Release|Any CPU
		{61F6D178-62A9-4620-B1E7-116AD8BB1E33}.Release|Any CPU.Build.0 = Release|Any CPU
		{1663C7F7-D410-4217-8D85-D8D36D263750}.Debug|Any CPU.ActiveCfg = Debug|Any CPU
		{1663C7F7-D410-4217-8D85-D8D36D263750}.Debug|Any CPU.Build.0 = Debug|Any CPU
		{1663C7F7-D410-4217-8D85-D8D36D263750}.Release|Any CPU.ActiveCfg = Release|Any CPU
		{1663C7F7-D410-4217-8D85-D8D36D263750}.Release|Any CPU.Build.0 = Release|Any CPU
	EndGlobalSection
	GlobalSection(SolutionProperties) = preSolution
		HideSolutionNode = FALSE
	EndGlobalSection
	GlobalSection(ExtensibilityGlobals) = postSolution
		SolutionGuid = {B0258D4A-3952-4988-B999-D294D61C3CBE}
	EndGlobalSection
EndGlobal
