
Microsoft Visual Studio Solution File, Format Version 12.00
# Visual Studio Version 16
VisualStudioVersion = 16.0.30406.217
MinimumVisualStudioVersion = 10.0.40219.1
Project("{FAE04EC0-301F-11D3-BF4B-00C04F79EFBC}") = "CalcularBisiesto", "CalcularBisiesto\CalcularBisiesto.csproj", "{AD8D891C-854A-4014-9357-640F6AFF0795}"
EndProject
Global
	GlobalSection(SolutionConfigurationPlatforms) = preSolution
		Debug|Any CPU = Debug|Any CPU
		Release|Any CPU = Release|Any CPU
	EndGlobalSection
	GlobalSection(ProjectConfigurationPlatforms) = postSolution
		{AD8D891C-854A-4014-9357-640F6AFF0795}.Debug|Any CPU.ActiveCfg = Debug|Any CPU
		{AD8D891C-854A-4014-9357-640F6AFF0795}.Debug|Any CPU.Build.0 = Debug|Any CPU
		{AD8D891C-854A-4014-9357-640F6AFF0795}.Release|Any CPU.ActiveCfg = Release|Any CPU
		{AD8D891C-854A-4014-9357-640F6AFF0795}.Release|Any CPU.Build.0 = Release|Any CPU
	EndGlobalSection
	GlobalSection(SolutionProperties) = preSolution
		HideSolutionNode = FALSE
	EndGlobalSection
	GlobalSection(ExtensibilityGlobals) = postSolution
		SolutionGuid = {4E0175B8-FEAC-429B-B0BC-0AAD2B6A81B8}
	EndGlobalSection
EndGlobal
